
Microsoft Visual Studio Solution File, Format Version 12.00
# Visual Studio Version 17
VisualStudioVersion = 17.0.31903.59
MinimumVisualStudioVersion = 10.0.40219.1
Project("{FAE04EC0-301F-11D3-BF4B-00C04F79EFBC}") = "dotnetapp", "dotnetapp.csproj", "{5343257B-A360-4AEC-82BB-5DFF86B7D881}"
EndProject
Project("{FAE04EC0-301F-11D3-BF4B-00C04F79EFBC}") = "TestProject", "..\TestProject\TestProject.csproj", "{A16BA558-A81D-4ECC-8406-512ED98CEBA5}"
EndProject
Global
	GlobalSection(SolutionConfigurationPlatforms) = preSolution
		Debug|Any CPU = Debug|Any CPU
		Release|Any CPU = Release|Any CPU
	EndGlobalSection
	GlobalSection(SolutionProperties) = preSolution
		HideSolutionNode = FALSE
	EndGlobalSection
	GlobalSection(ProjectConfigurationPlatforms) = postSolution
		{5343257B-A360-4AEC-82BB-5DFF86B7D881}.Debug|Any CPU.ActiveCfg = Debug|Any CPU
		{5343257B-A360-4AEC-82BB-5DFF86B7D881}.Debug|Any CPU.Build.0 = Debug|Any CPU
		{5343257B-A360-4AEC-82BB-5DFF86B7D881}.Release|Any CPU.ActiveCfg = Release|Any CPU
		{5343257B-A360-4AEC-82BB-5DFF86B7D881}.Release|Any CPU.Build.0 = Release|Any CPU
		{A16BA558-A81D-4ECC-8406-512ED98CEBA5}.Debug|Any CPU.ActiveCfg = Debug|Any CPU
		{A16BA558-A81D-4ECC-8406-512ED98CEBA5}.Debug|Any CPU.Build.0 = Debug|Any CPU
		{A16BA558-A81D-4ECC-8406-512ED98CEBA5}.Release|Any CPU.ActiveCfg = Release|Any CPU
		{A16BA558-A81D-4ECC-8406-512ED98CEBA5}.Release|Any CPU.Build.0 = Release|Any CPU
	EndGlobalSection
EndGlobal
